{
    "_readme": [
        "This file locks the dependencies of your project to a known state",
        "Read more about it at http://getcomposer.org/doc/01-basic-usage.md#composer-lock-the-lock-file"
    ],
    "hash": "3dcbcb0812237c44894cc7fdb7df670c",
    "packages": [
        {
            "name": "geshi/geshi",
            "version": "1.0.8",
            "dist": {
                "type": "zip",
                "url": "https://github.com/GeSHi/geshi-1.0/archive/c5329d9b39a3e07f2745d1f1dbb3d389657c01e7.zip",
                "reference": null,
                "shasum": null
            },
            "type": "library",
            "autoload": {
                "classmap": [
                    "src/"
                ]
            }
        },
        {
            "name": "kaloa/filesystem",
            "version": "dev-master",
            "source": {
                "type": "git",
                "url": "https://github.com/mermshaus/kaloa-filesystem.git",
                "reference": "d780c0cd7b12c43e7b318a2a08416c24849083a8"
            },
            "dist": {
                "type": "zip",
                "url": "https://api.github.com/repos/mermshaus/kaloa-filesystem/zipball/d780c0cd7b12c43e7b318a2a08416c24849083a8",
                "reference": "d780c0cd7b12c43e7b318a2a08416c24849083a8",
                "shasum": ""
            },
            "require": {
                "php": ">=5.3.0"
            },
            "type": "library",
            "autoload": {
                "psr-0": {
                    "Kaloa": "src"
                }
            },
            "notification-url": "https://packagist.org/downloads/",
            "license": [
                "MIT"
            ],
            "authors": [
                {
                    "name": "Marc Ermshaus",
                    "email": "marc@ermshaus.org",
                    "homepage": "http://www.ermshaus.org/"
                }
            ],
            "description": "Useful classes for working with the filesystem",
            "homepage": "http://www.kaloa.org/",
            "keywords": [
                "filesystem"
            ],
            "time": "2012-09-03 08:45:14"
        },
        {
            "name": "kaloa/renderer",
            "version": "dev-master",
            "source": {
                "type": "git",
                "url": "https://github.com/mermshaus/kaloa-renderer.git",
                "reference": "1bee540285a0d3f14ba5e9f27458415d45098bf0"
            },
            "dist": {
                "type": "zip",
                "url": "https://api.github.com/repos/mermshaus/kaloa-renderer/zipball/1bee540285a0d3f14ba5e9f27458415d45098bf0",
                "reference": "1bee540285a0d3f14ba5e9f27458415d45098bf0",
                "shasum": ""
            },
            "require": {
                "php": ">=5.3.0"
            },
            "type": "library",
            "autoload": {
                "psr-0": {
                    "Kaloa": "src"
                }
            },
            "notification-url": "https://packagist.org/downloads/",
            "license": [
                "MIT"
            ],
            "authors": [
                {
                    "name": "Marc Ermshaus",
                    "email": "marc@ermshaus.org",
                    "homepage": "http://www.ermshaus.org/"
                }
            ],
            "description": "A collection of different output renderers",
            "homepage": "http://www.kaloa.org/",
            "keywords": [
                "output",
                "renderer"
            ],
            "time": "2012-09-03 10:37:01"
        },
        {
            "name": "rkr/recursive-array-accessor",
            "version": "1.0.1",
            "source": {
                "type": "git",
                "url": "https://github.com/rkrx/php-recursive-array-access.git",
                "reference": "4eb97588172d9b196c719ad6c8fb5f8f98c1b70a"
            },
            "dist": {
                "type": "zip",
                "url": "https://api.github.com/repos/rkrx/php-recursive-array-access/zipball/4eb97588172d9b196c719ad6c8fb5f8f98c1b70a",
                "reference": "4eb97588172d9b196c719ad6c8fb5f8f98c1b70a",
                "shasum": ""
            },
            "require-dev": {
                "phpunit/phpunit": "3.7.*"
            },
            "type": "library",
            "autoload": {
                "psr-0": {
                    "Kir\\Data\\Arrays": "src/"
                }
            },
            "notification-url": "https://packagist.org/downloads/",
            "authors": [
                {
                    "name": "R. Kirschler",
                    "email": "ron.kirschler@gmail.com"
                }
            ],
            "description": "Access recursive arrays through an easy interface",
            "time": "2013-11-18 13:03:40"
        }
    ],
    "packages-dev": [

    ],
    "aliases": [

    ],
    "minimum-stability": "stable",
    "stability-flags": {
        "kaloa/filesystem": 20,
        "kaloa/renderer": 20
    },
    "platform": {
        "php": ">=5.5"
    },
    "platform-dev": [

    ]
}
